
Microsoft Visual Studio Solution File, Format Version 12.00
# Visual Studio Version 17
VisualStudioVersion = 17.0.31903.59
MinimumVisualStudioVersion = 10.0.40219.1
Project("{2150E333-8FDC-42A3-9474-1A3956D46DE8}") = "src", "src", "{827E0CD3-B72D-47B6-A68D-7590B98EB39B}"
EndProject
Project("{2150E333-8FDC-42A3-9474-1A3956D46DE8}") = "Shared", "Shared", "{C8E42992-5E42-0C2B-DBFE-AA848D06431C}"
EndProject
Project("{FAE04EC0-301F-11D3-BF4B-00C04F79EFBC}") = "ECommerce.Shared", "src\Shared\ECommerce.Shared\ECommerce.Shared.csproj", "{8FB74866-F024-4C7B-BB8C-8E528BFE965F}"
EndProject
Project("{2150E333-8FDC-42A3-9474-1A3956D46DE8}") = "ApiGateway", "ApiGateway", "{FCA01246-F2C6-0AA7-D43F-FD13BE0B9D88}"
EndProject
Project("{FAE04EC0-301F-11D3-BF4B-00C04F79EFBC}") = "ECommerce.ApiGateway", "src\ApiGateway\ECommerce.ApiGateway\ECommerce.ApiGateway.csproj", "{88C0D3F8-166C-471E-A927-4FC335F957F1}"
EndProject
Project("{2150E333-8FDC-42A3-9474-1A3956D46DE8}") = "Services", "Services", "{984BB9B3-3FA3-BE33-9484-CAC21695A33C}"
EndProject
Project("{2150E333-8FDC-42A3-9474-1A3956D46DE8}") = "Identity", "Identity", "{1BFC9479-12BF-35C3-06B8-42D89D95092B}"
EndProject
Project("{FAE04EC0-301F-11D3-BF4B-00C04F79EFBC}") = "ECommerce.Identity.API", "src\Services\Identity\ECommerce.Identity.API\ECommerce.Identity.API.csproj", "{A797934F-39EE-49C9-9167-CF330256D903}"
EndProject
Project("{2150E333-8FDC-42A3-9474-1A3956D46DE8}") = "Product", "Product", "{374CED38-7421-B0F7-DFE2-3AF3B9F49E7C}"
EndProject
Project("{FAE04EC0-301F-11D3-BF4B-00C04F79EFBC}") = "ECommerce.Product.API", "src\Services\Product\ECommerce.Product.API\ECommerce.Product.API.csproj", "{A995FD39-1499-4EE2-925C-48806BDE04DC}"
EndProject
Project("{2150E333-8FDC-42A3-9474-1A3956D46DE8}") = "Order", "Order", "{B851199A-4979-E597-3D50-97AC5992BBAF}"
EndProject
Project("{FAE04EC0-301F-11D3-BF4B-00C04F79EFBC}") = "ECommerce.Order.API", "src\Services\Order\ECommerce.Order.API\ECommerce.Order.API.csproj", "{67A53BEF-2F7B-44A4-B243-29377D5D3022}"
EndProject
Project("{2150E333-8FDC-42A3-9474-1A3956D46DE8}") = "Inventory", "Inventory", "{CA15E31E-CB60-F235-5CDF-2E527A86A72C}"
EndProject
Project("{FAE04EC0-301F-11D3-BF4B-00C04F79EFBC}") = "ECommerce.Inventory.API", "src\Services\Inventory\ECommerce.Inventory.API\ECommerce.Inventory.API.csproj", "{361D8617-BD1D-4D88-96CD-C9CF2EE7F164}"
EndProject
Project("{2150E333-8FDC-42A3-9474-1A3956D46DE8}") = "Review", "Review", "{5AFB76E0-5870-0CFD-DAC0-FE3ADB92FF83}"
EndProject
Project("{FAE04EC0-301F-11D3-BF4B-00C04F79EFBC}") = "ECommerce.Review.API", "src\Services\Review\ECommerce.Review.API\ECommerce.Review.API.csproj", "{7ED2DEBB-64B7-4751-9E59-CD17C258C126}"
EndProject
Project("{2150E333-8FDC-42A3-9474-1A3956D46DE8}") = "Shipping", "Shipping", "{F17A7782-ECBD-508F-80BB-2B1954A6BA93}"
EndProject
Project("{FAE04EC0-301F-11D3-BF4B-00C04F79EFBC}") = "ECommerce.Shipping.API", "src\Services\Shipping\ECommerce.Shipping.API\ECommerce.Shipping.API.csproj", "{24E18D93-DD84-4927-93C2-D97F94D52CFD}"
EndProject
Project("{2150E333-8FDC-42A3-9474-1A3956D46DE8}") = "Notification", "Notification", "{C5FBE174-8E0F-F5A3-B929-8BD0C55C0A32}"
EndProject
Project("{FAE04EC0-301F-11D3-BF4B-00C04F79EFBC}") = "ECommerce.Notification.API", "src\Services\Notification\ECommerce.Notification.API\ECommerce.Notification.API.csproj", "{2A034227-7913-4E02-A4AD-3FA6F9FC0D15}"
EndProject
Global
	GlobalSection(SolutionConfigurationPlatforms) = preSolution
		Debug|Any CPU = Debug|Any CPU
		Debug|x64 = Debug|x64
		Debug|x86 = Debug|x86
		Release|Any CPU = Release|Any CPU
		Release|x64 = Release|x64
		Release|x86 = Release|x86
	EndGlobalSection
	GlobalSection(ProjectConfigurationPlatforms) = postSolution
		{8FB74866-F024-4C7B-BB8C-8E528BFE965F}.Debug|Any CPU.ActiveCfg = Debug|Any CPU
		{8FB74866-F024-4C7B-BB8C-8E528BFE965F}.Debug|Any CPU.Build.0 = Debug|Any CPU
		{8FB74866-F024-4C7B-BB8C-8E528BFE965F}.Debug|x64.ActiveCfg = Debug|Any CPU
		{8FB74866-F024-4C7B-BB8C-8E528BFE965F}.Debug|x64.Build.0 = Debug|Any CPU
		{8FB74866-F024-4C7B-BB8C-8E528BFE965F}.Debug|x86.ActiveCfg = Debug|Any CPU
		{8FB74866-F024-4C7B-BB8C-8E528BFE965F}.Debug|x86.Build.0 = Debug|Any CPU
		{8FB74866-F024-4C7B-BB8C-8E528BFE965F}.Release|Any CPU.ActiveCfg = Release|Any CPU
		{8FB74866-F024-4C7B-BB8C-8E528BFE965F}.Release|Any CPU.Build.0 = Release|Any CPU
		{8FB74866-F024-4C7B-BB8C-8E528BFE965F}.Release|x64.ActiveCfg = Release|Any CPU
		{8FB74866-F024-4C7B-BB8C-8E528BFE965F}.Release|x64.Build.0 = Release|Any CPU
		{8FB74866-F024-4C7B-BB8C-8E528BFE965F}.Release|x86.ActiveCfg = Release|Any CPU
		{8FB74866-F024-4C7B-BB8C-8E528BFE965F}.Release|x86.Build.0 = Release|Any CPU
		{88C0D3F8-166C-471E-A927-4FC335F957F1}.Debug|Any CPU.ActiveCfg = Debug|Any CPU
		{88C0D3F8-166C-471E-A927-4FC335F957F1}.Debug|Any CPU.Build.0 = Debug|Any CPU
		{88C0D3F8-166C-471E-A927-4FC335F957F1}.Debug|x64.ActiveCfg = Debug|Any CPU
		{88C0D3F8-166C-471E-A927-4FC335F957F1}.Debug|x64.Build.0 = Debug|Any CPU
		{88C0D3F8-166C-471E-A927-4FC335F957F1}.Debug|x86.ActiveCfg = Debug|Any CPU
		{88C0D3F8-166C-471E-A927-4FC335F957F1}.Debug|x86.Build.0 = Debug|Any CPU
		{88C0D3F8-166C-471E-A927-4FC335F957F1}.Release|Any CPU.ActiveCfg = Release|Any CPU
		{88C0D3F8-166C-471E-A927-4FC335F957F1}.Release|Any CPU.Build.0 = Release|Any CPU
		{88C0D3F8-166C-471E-A927-4FC335F957F1}.Release|x64.ActiveCfg = Release|Any CPU
		{88C0D3F8-166C-471E-A927-4FC335F957F1}.Release|x64.Build.0 = Release|Any CPU
		{88C0D3F8-166C-471E-A927-4FC335F957F1}.Release|x86.ActiveCfg = Release|Any CPU
		{88C0D3F8-166C-471E-A927-4FC335F957F1}.Release|x86.Build.0 = Release|Any CPU
		{A797934F-39EE-49C9-9167-CF330256D903}.Debug|Any CPU.ActiveCfg = Debug|Any CPU
		{A797934F-39EE-49C9-9167-CF330256D903}.Debug|Any CPU.Build.0 = Debug|Any CPU
		{A797934F-39EE-49C9-9167-CF330256D903}.Debug|x64.ActiveCfg = Debug|Any CPU
		{A797934F-39EE-49C9-9167-CF330256D903}.Debug|x64.Build.0 = Debug|Any CPU
		{A797934F-39EE-49C9-9167-CF330256D903}.Debug|x86.ActiveCfg = Debug|Any CPU
		{A797934F-39EE-49C9-9167-CF330256D903}.Debug|x86.Build.0 = Debug|Any CPU
		{A797934F-39EE-49C9-9167-CF330256D903}.Release|Any CPU.ActiveCfg = Release|Any CPU
		{A797934F-39EE-49C9-9167-CF330256D903}.Release|Any CPU.Build.0 = Release|Any CPU
		{A797934F-39EE-49C9-9167-CF330256D903}.Release|x64.ActiveCfg = Release|Any CPU
		{A797934F-39EE-49C9-9167-CF330256D903}.Release|x64.Build.0 = Release|Any CPU
		{A797934F-39EE-49C9-9167-CF330256D903}.Release|x86.ActiveCfg = Release|Any CPU
		{A797934F-39EE-49C9-9167-CF330256D903}.Release|x86.Build.0 = Release|Any CPU
		{A995FD39-1499-4EE2-925C-48806BDE04DC}.Debug|Any CPU.ActiveCfg = Debug|Any CPU
		{A995FD39-1499-4EE2-925C-48806BDE04DC}.Debug|Any CPU.Build.0 = Debug|Any CPU
		{A995FD39-1499-4EE2-925C-48806BDE04DC}.Debug|x64.ActiveCfg = Debug|Any CPU
		{A995FD39-1499-4EE2-925C-48806BDE04DC}.Debug|x64.Build.0 = Debug|Any CPU
		{A995FD39-1499-4EE2-925C-48806BDE04DC}.Debug|x86.ActiveCfg = Debug|Any CPU
		{A995FD39-1499-4EE2-925C-48806BDE04DC}.Debug|x86.Build.0 = Debug|Any CPU
		{A995FD39-1499-4EE2-925C-48806BDE04DC}.Release|Any CPU.ActiveCfg = Release|Any CPU
		{A995FD39-1499-4EE2-925C-48806BDE04DC}.Release|Any CPU.Build.0 = Release|Any CPU
		{A995FD39-1499-4EE2-925C-48806BDE04DC}.Release|x64.ActiveCfg = Release|Any CPU
		{A995FD39-1499-4EE2-925C-48806BDE04DC}.Release|x64.Build.0 = Release|Any CPU
		{A995FD39-1499-4EE2-925C-48806BDE04DC}.Release|x86.ActiveCfg = Release|Any CPU
		{A995FD39-1499-4EE2-925C-48806BDE04DC}.Release|x86.Build.0 = Release|Any CPU
		{67A53BEF-2F7B-44A4-B243-29377D5D3022}.Debug|Any CPU.ActiveCfg = Debug|Any CPU
		{67A53BEF-2F7B-44A4-B243-29377D5D3022}.Debug|Any CPU.Build.0 = Debug|Any CPU
		{67A53BEF-2F7B-44A4-B243-29377D5D3022}.Debug|x64.ActiveCfg = Debug|Any CPU
		{67A53BEF-2F7B-44A4-B243-29377D5D3022}.Debug|x64.Build.0 = Debug|Any CPU
		{67A53BEF-2F7B-44A4-B243-29377D5D3022}.Debug|x86.ActiveCfg = Debug|Any CPU
		{67A53BEF-2F7B-44A4-B243-29377D5D3022}.Debug|x86.Build.0 = Debug|Any CPU
		{67A53BEF-2F7B-44A4-B243-29377D5D3022}.Release|Any CPU.ActiveCfg = Release|Any CPU
		{67A53BEF-2F7B-44A4-B243-29377D5D3022}.Release|Any CPU.Build.0 = Release|Any CPU
		{67A53BEF-2F7B-44A4-B243-29377D5D3022}.Release|x64.ActiveCfg = Release|Any CPU
		{67A53BEF-2F7B-44A4-B243-29377D5D3022}.Release|x64.Build.0 = Release|Any CPU
		{67A53BEF-2F7B-44A4-B243-29377D5D3022}.Release|x86.ActiveCfg = Release|Any CPU
		{67A53BEF-2F7B-44A4-B243-29377D5D3022}.Release|x86.Build.0 = Release|Any CPU
		{361D8617-BD1D-4D88-96CD-C9CF2EE7F164}.Debug|Any CPU.ActiveCfg = Debug|Any CPU
		{361D8617-BD1D-4D88-96CD-C9CF2EE7F164}.Debug|Any CPU.Build.0 = Debug|Any CPU
		{361D8617-BD1D-4D88-96CD-C9CF2EE7F164}.Debug|x64.ActiveCfg = Debug|Any CPU
		{361D8617-BD1D-4D88-96CD-C9CF2EE7F164}.Debug|x64.Build.0 = Debug|Any CPU
		{361D8617-BD1D-4D88-96CD-C9CF2EE7F164}.Debug|x86.ActiveCfg = Debug|Any CPU
		{361D8617-BD1D-4D88-96CD-C9CF2EE7F164}.Debug|x86.Build.0 = Debug|Any CPU
		{361D8617-BD1D-4D88-96CD-C9CF2EE7F164}.Release|Any CPU.ActiveCfg = Release|Any CPU
		{361D8617-BD1D-4D88-96CD-C9CF2EE7F164}.Release|Any CPU.Build.0 = Release|Any CPU
		{361D8617-BD1D-4D88-96CD-C9CF2EE7F164}.Release|x64.ActiveCfg = Release|Any CPU
		{361D8617-BD1D-4D88-96CD-C9CF2EE7F164}.Release|x64.Build.0 = Release|Any CPU
		{361D8617-BD1D-4D88-96CD-C9CF2EE7F164}.Release|x86.ActiveCfg = Release|Any CPU
		{361D8617-BD1D-4D88-96CD-C9CF2EE7F164}.Release|x86.Build.0 = Release|Any CPU
		{7ED2DEBB-64B7-4751-9E59-CD17C258C126}.Debug|Any CPU.ActiveCfg = Debug|Any CPU
		{7ED2DEBB-64B7-4751-9E59-CD17C258C126}.Debug|Any CPU.Build.0 = Debug|Any CPU
		{7ED2DEBB-64B7-4751-9E59-CD17C258C126}.Debug|x64.ActiveCfg = Debug|Any CPU
		{7ED2DEBB-64B7-4751-9E59-CD17C258C126}.Debug|x64.Build.0 = Debug|Any CPU
		{7ED2DEBB-64B7-4751-9E59-CD17C258C126}.Debug|x86.ActiveCfg = Debug|Any CPU
		{7ED2DEBB-64B7-4751-9E59-CD17C258C126}.Debug|x86.Build.0 = Debug|Any CPU
		{7ED2DEBB-64B7-4751-9E59-CD17C258C126}.Release|Any CPU.ActiveCfg = Release|Any CPU
		{7ED2DEBB-64B7-4751-9E59-CD17C258C126}.Release|Any CPU.Build.0 = Release|Any CPU
		{7ED2DEBB-64B7-4751-9E59-CD17C258C126}.Release|x64.ActiveCfg = Release|Any CPU
		{7ED2DEBB-64B7-4751-9E59-CD17C258C126}.Release|x64.Build.0 = Release|Any CPU
		{7ED2DEBB-64B7-4751-9E59-CD17C258C126}.Release|x86.ActiveCfg = Release|Any CPU
		{7ED2DEBB-64B7-4751-9E59-CD17C258C126}.Release|x86.Build.0 = Release|Any CPU
		{24E18D93-DD84-4927-93C2-D97F94D52CFD}.Debug|Any CPU.ActiveCfg = Debug|Any CPU
		{24E18D93-DD84-4927-93C2-D97F94D52CFD}.Debug|Any CPU.Build.0 = Debug|Any CPU
		{24E18D93-DD84-4927-93C2-D97F94D52CFD}.Debug|x64.ActiveCfg = Debug|Any CPU
		{24E18D93-DD84-4927-93C2-D97F94D52CFD}.Debug|x64.Build.0 = Debug|Any CPU
		{24E18D93-DD84-4927-93C2-D97F94D52CFD}.Debug|x86.ActiveCfg = Debug|Any CPU
		{24E18D93-DD84-4927-93C2-D97F94D52CFD}.Debug|x86.Build.0 = Debug|Any CPU
		{24E18D93-DD84-4927-93C2-D97F94D52CFD}.Release|Any CPU.ActiveCfg = Release|Any CPU
		{24E18D93-DD84-4927-93C2-D97F94D52CFD}.Release|Any CPU.Build.0 = Release|Any CPU
		{24E18D93-DD84-4927-93C2-D97F94D52CFD}.Release|x64.ActiveCfg = Release|Any CPU
		{24E18D93-DD84-4927-93C2-D97F94D52CFD}.Release|x64.Build.0 = Release|Any CPU
		{24E18D93-DD84-4927-93C2-D97F94D52CFD}.Release|x86.ActiveCfg = Release|Any CPU
		{24E18D93-DD84-4927-93C2-D97F94D52CFD}.Release|x86.Build.0 = Release|Any CPU
		{2A034227-7913-4E02-A4AD-3FA6F9FC0D15}.Debug|Any CPU.ActiveCfg = Debug|Any CPU
		{2A034227-7913-4E02-A4AD-3FA6F9FC0D15}.Debug|Any CPU.Build.0 = Debug|Any CPU
		{2A034227-7913-4E02-A4AD-3FA6F9FC0D15}.Debug|x64.ActiveCfg = Debug|Any CPU
		{2A034227-7913-4E02-A4AD-3FA6F9FC0D15}.Debug|x64.Build.0 = Debug|Any CPU
		{2A034227-7913-4E02-A4AD-3FA6F9FC0D15}.Debug|x86.ActiveCfg = Debug|Any CPU
		{2A034227-7913-4E02-A4AD-3FA6F9FC0D15}.Debug|x86.Build.0 = Debug|Any CPU
		{2A034227-7913-4E02-A4AD-3FA6F9FC0D15}.Release|Any CPU.ActiveCfg = Release|Any CPU
		{2A034227-7913-4E02-A4AD-3FA6F9FC0D15}.Release|Any CPU.Build.0 = Release|Any CPU
		{2A034227-7913-4E02-A4AD-3FA6F9FC0D15}.Release|x64.ActiveCfg = Release|Any CPU
		{2A034227-7913-4E02-A4AD-3FA6F9FC0D15}.Release|x64.Build.0 = Release|Any CPU
		{2A034227-7913-4E02-A4AD-3FA6F9FC0D15}.Release|x86.ActiveCfg = Release|Any CPU
		{2A034227-7913-4E02-A4AD-3FA6F9FC0D15}.Release|x86.Build.0 = Release|Any CPU
	EndGlobalSection
	GlobalSection(SolutionProperties) = preSolution
		HideSolutionNode = FALSE
	EndGlobalSection
	GlobalSection(NestedProjects) = preSolution
		{C8E42992-5E42-0C2B-DBFE-AA848D06431C} = {827E0CD3-B72D-47B6-A68D-7590B98EB39B}
		{8FB74866-F024-4C7B-BB8C-8E528BFE965F} = {C8E42992-5E42-0C2B-DBFE-AA848D06431C}
		{FCA01246-F2C6-0AA7-D43F-FD13BE0B9D88} = {827E0CD3-B72D-47B6-A68D-7590B98EB39B}
		{88C0D3F8-166C-471E-A927-4FC335F957F1} = {FCA01246-F2C6-0AA7-D43F-FD13BE0B9D88}
		{984BB9B3-3FA3-BE33-9484-CAC21695A33C} = {827E0CD3-B72D-47B6-A68D-7590B98EB39B}
		{1BFC9479-12BF-35C3-06B8-42D89D95092B} = {984BB9B3-3FA3-BE33-9484-CAC21695A33C}
		{A797934F-39EE-49C9-9167-CF330256D903} = {1BFC9479-12BF-35C3-06B8-42D89D95092B}
		{374CED38-7421-B0F7-DFE2-3AF3B9F49E7C} = {984BB9B3-3FA3-BE33-9484-CAC21695A33C}
		{A995FD39-1499-4EE2-925C-48806BDE04DC} = {374CED38-7421-B0F7-DFE2-3AF3B9F49E7C}
		{B851199A-4979-E597-3D50-97AC5992BBAF} = {984BB9B3-3FA3-BE33-9484-CAC21695A33C}
		{67A53BEF-2F7B-44A4-B243-29377D5D3022} = {B851199A-4979-E597-3D50-97AC5992BBAF}
		{CA15E31E-CB60-F235-5CDF-2E527A86A72C} = {984BB9B3-3FA3-BE33-9484-CAC21695A33C}
		{361D8617-BD1D-4D88-96CD-C9CF2EE7F164} = {CA15E31E-CB60-F235-5CDF-2E527A86A72C}
		{5AFB76E0-5870-0CFD-DAC0-FE3ADB92FF83} = {984BB9B3-3FA3-BE33-9484-CAC21695A33C}
		{7ED2DEBB-64B7-4751-9E59-CD17C258C126} = {5AFB76E0-5870-0CFD-DAC0-FE3ADB92FF83}
		{F17A7782-ECBD-508F-80BB-2B1954A6BA93} = {984BB9B3-3FA3-BE33-9484-CAC21695A33C}
		{24E18D93-DD84-4927-93C2-D97F94D52CFD} = {F17A7782-ECBD-508F-80BB-2B1954A6BA93}
		{C5FBE174-8E0F-F5A3-B929-8BD0C55C0A32} = {984BB9B3-3FA3-BE33-9484-CAC21695A33C}
		{2A034227-7913-4E02-A4AD-3FA6F9FC0D15} = {C5FBE174-8E0F-F5A3-B929-8BD0C55C0A32}
	EndGlobalSection
EndGlobal
